name: Update package-lock.json

on:
    schedule:
        # This is probably 6am UTC, which is 10pm PST or 11pm PDT
        # Alternatively, 6am local is also fine
        - cron: '0 6 * * *'
    workflow_dispatch: {}

jobs:
  updatePackageJsonLock:
    runs-on: ubuntu-latest
    if: github.repository == 'microsoft/TypeScript-TmLanguage'
    permissions:
      contents: write

    steps:
    - uses: actions/checkout@v4
    - uses: actions/setup-node@v4
      with:
        node-version: 20
    - name: Configure git and update package-lock.json
      run: |
        git config user.email "typescriptbot@microsoft.com"
        git config user.name "TypeScript Bot"
        rm package-lock.json
        npm install --package-lock-only --ignore-scripts # This is a no-op if package-lock.json is present.
        git add -f package-lock.json
        if git commit -m "Update package-lock.json"; then
          git push
        fi

  tests:
    runs-on: ubuntu-latest
    needs: [updatePackageJsonLock]
    steps:
    - uses: actions/checkout@v4
    - uses: actions/setup-node@v4
      with:
       node-version: 20
    - run: npm i
    - run: npm test

  createIssue:
    runs-on: ubuntu-latest
    if: ${{ failure() }}
    needs: [updatePackageJsonLock, tests]
    permissions:
      contents: read # Apparently required to create issues
      issues: write
    env:
      GH_TOKEN: ${{ secrets.GITHUB_TOKEN }}
      TAGS: "@sheetalkamat"
    steps:
    - uses: actions/checkout@v4
    - run: |
        HASH=$(git log -1 --format=%h)
        gh issue create --repo ${{ github.repository }} --title "package-lock.json update failed" --body "$TAGS Please check the errors after run on $HASH"
